
Microsoft Visual Studio Solution File, Format Version 12.00
# Visual Studio 15
VisualStudioVersion = 15.0.26730.10
MinimumVisualStudioVersion = 10.0.40219.1

Project("{6EC3EE1D-3C4E-46DD-8F32-0CC8E7565705}") = "QuantumPuzzleGenerator", "QuantumPuzzleGenerator\QuantumPuzzleGenerator.fsproj", "{94831B60-3E4A-41E5-90E3-3DF33286AE43}"
EndProject

Project("{F2A71F9B-5D33-465A-A702-920D77279786}") = "QuantumPuzzleGenerator.Android", "QuantumPuzzleGenerator.Android\QuantumPuzzleGenerator.Android.fsproj", "{B7AC009B-2F2C-4933-817A-8DA84DAE463A}"
EndProject


Project("{F2A71F9B-5D33-465A-A702-920D77279786}") = "QuantumPuzzleGenerator.iOS", "QuantumPuzzleGenerator.iOS\QuantumPuzzleGenerator.iOS.fsproj", "{D7DE9D0D-4392-4521-A137-3CD042617EAD}"
EndProject




Global
	GlobalSection(SolutionConfigurationPlatforms) = preSolution
		Ad-Hoc|Any CPU = Ad-Hoc|Any CPU
		Ad-Hoc|ARM = Ad-Hoc|ARM
		Ad-Hoc|iPhone = Ad-Hoc|iPhone
		Ad-Hoc|iPhoneSimulator = Ad-Hoc|iPhoneSimulator
		Ad-Hoc|x64 = Ad-Hoc|x64
		Ad-Hoc|x86 = Ad-Hoc|x86
		AppStore|Any CPU = AppStore|Any CPU
		AppStore|ARM = AppStore|ARM
		AppStore|iPhone = AppStore|iPhone
		AppStore|iPhoneSimulator = AppStore|iPhoneSimulator
		AppStore|x64 = AppStore|x64
		AppStore|x86 = AppStore|x86
		Debug|Any CPU = Debug|Any CPU
		Debug|ARM = Debug|ARM
		Debug|iPhone = Debug|iPhone
		Debug|iPhoneSimulator = Debug|iPhoneSimulator
		Debug|x64 = Debug|x64
		Debug|x86 = Debug|x86
		Release|Any CPU = Release|Any CPU
		Release|ARM = Release|ARM
		Release|iPhone = Release|iPhone
		Release|iPhoneSimulator = Release|iPhoneSimulator
		Release|x64 = Release|x64
		Release|x86 = Release|x86
	EndGlobalSection
	GlobalSection(ProjectConfigurationPlatforms) = postSolution
		{94831B60-3E4A-41E5-90E3-3DF33286AE43}.Ad-Hoc|Any CPU.ActiveCfg = Debug|Any CPU
		{94831B60-3E4A-41E5-90E3-3DF33286AE43}.Ad-Hoc|Any CPU.Build.0 = Debug|Any CPU
		{94831B60-3E4A-41E5-90E3-3DF33286AE43}.Ad-Hoc|ARM.ActiveCfg = Debug|Any CPU
		{94831B60-3E4A-41E5-90E3-3DF33286AE43}.Ad-Hoc|ARM.Build.0 = Debug|Any CPU
		{94831B60-3E4A-41E5-90E3-3DF33286AE43}.Ad-Hoc|iPhone.ActiveCfg = Debug|Any CPU
		{94831B60-3E4A-41E5-90E3-3DF33286AE43}.Ad-Hoc|iPhone.Build.0 = Debug|Any CPU
		{94831B60-3E4A-41E5-90E3-3DF33286AE43}.Ad-Hoc|iPhoneSimulator.ActiveCfg = Debug|Any CPU
		{94831B60-3E4A-41E5-90E3-3DF33286AE43}.Ad-Hoc|iPhoneSimulator.Build.0 = Debug|Any CPU
		{94831B60-3E4A-41E5-90E3-3DF33286AE43}.Ad-Hoc|x64.ActiveCfg = Debug|Any CPU
		{94831B60-3E4A-41E5-90E3-3DF33286AE43}.Ad-Hoc|x64.Build.0 = Debug|Any CPU
		{94831B60-3E4A-41E5-90E3-3DF33286AE43}.Ad-Hoc|x86.ActiveCfg = Debug|Any CPU
		{94831B60-3E4A-41E5-90E3-3DF33286AE43}.Ad-Hoc|x86.Build.0 = Debug|Any CPU
		{94831B60-3E4A-41E5-90E3-3DF33286AE43}.AppStore|Any CPU.ActiveCfg = Debug|Any CPU
		{94831B60-3E4A-41E5-90E3-3DF33286AE43}.AppStore|Any CPU.Build.0 = Debug|Any CPU
		{94831B60-3E4A-41E5-90E3-3DF33286AE43}.AppStore|ARM.ActiveCfg = Debug|Any CPU
		{94831B60-3E4A-41E5-90E3-3DF33286AE43}.AppStore|ARM.Build.0 = Debug|Any CPU
		{94831B60-3E4A-41E5-90E3-3DF33286AE43}.AppStore|iPhone.ActiveCfg = Debug|Any CPU
		{94831B60-3E4A-41E5-90E3-3DF33286AE43}.AppStore|iPhone.Build.0 = Debug|Any CPU
		{94831B60-3E4A-41E5-90E3-3DF33286AE43}.AppStore|iPhoneSimulator.ActiveCfg = Debug|Any CPU
		{94831B60-3E4A-41E5-90E3-3DF33286AE43}.AppStore|iPhoneSimulator.Build.0 = Debug|Any CPU
		{94831B60-3E4A-41E5-90E3-3DF33286AE43}.AppStore|x64.ActiveCfg = Debug|Any CPU
		{94831B60-3E4A-41E5-90E3-3DF33286AE43}.AppStore|x64.Build.0 = Debug|Any CPU
		{94831B60-3E4A-41E5-90E3-3DF33286AE43}.AppStore|x86.ActiveCfg = Debug|Any CPU
		{94831B60-3E4A-41E5-90E3-3DF33286AE43}.AppStore|x86.Build.0 = Debug|Any CPU
		{94831B60-3E4A-41E5-90E3-3DF33286AE43}.Debug|Any CPU.ActiveCfg = Debug|Any CPU
		{94831B60-3E4A-41E5-90E3-3DF33286AE43}.Debug|Any CPU.Build.0 = Debug|Any CPU
		{94831B60-3E4A-41E5-90E3-3DF33286AE43}.Debug|ARM.ActiveCfg = Debug|Any CPU
		{94831B60-3E4A-41E5-90E3-3DF33286AE43}.Debug|ARM.Build.0 = Debug|Any CPU
		{94831B60-3E4A-41E5-90E3-3DF33286AE43}.Debug|iPhone.ActiveCfg = Debug|Any CPU
		{94831B60-3E4A-41E5-90E3-3DF33286AE43}.Debug|iPhone.Build.0 = Debug|Any CPU
		{94831B60-3E4A-41E5-90E3-3DF33286AE43}.Debug|iPhoneSimulator.ActiveCfg = Debug|Any CPU
		{94831B60-3E4A-41E5-90E3-3DF33286AE43}.Debug|iPhoneSimulator.Build.0 = Debug|Any CPU
		{94831B60-3E4A-41E5-90E3-3DF33286AE43}.Debug|x64.ActiveCfg = Debug|Any CPU
		{94831B60-3E4A-41E5-90E3-3DF33286AE43}.Debug|x64.Build.0 = Debug|Any CPU
		{94831B60-3E4A-41E5-90E3-3DF33286AE43}.Debug|x86.ActiveCfg = Debug|Any CPU
		{94831B60-3E4A-41E5-90E3-3DF33286AE43}.Debug|x86.Build.0 = Debug|Any CPU
		{94831B60-3E4A-41E5-90E3-3DF33286AE43}.Release|Any CPU.ActiveCfg = Release|Any CPU
		{94831B60-3E4A-41E5-90E3-3DF33286AE43}.Release|Any CPU.Build.0 = Release|Any CPU
		{94831B60-3E4A-41E5-90E3-3DF33286AE43}.Release|ARM.ActiveCfg = Release|Any CPU
		{94831B60-3E4A-41E5-90E3-3DF33286AE43}.Release|ARM.Build.0 = Release|Any CPU
		{94831B60-3E4A-41E5-90E3-3DF33286AE43}.Release|iPhone.ActiveCfg = Release|Any CPU
		{94831B60-3E4A-41E5-90E3-3DF33286AE43}.Release|iPhone.Build.0 = Release|Any CPU
		{94831B60-3E4A-41E5-90E3-3DF33286AE43}.Release|iPhoneSimulator.ActiveCfg = Release|Any CPU
		{94831B60-3E4A-41E5-90E3-3DF33286AE43}.Release|iPhoneSimulator.Build.0 = Release|Any CPU
		{94831B60-3E4A-41E5-90E3-3DF33286AE43}.Release|x64.ActiveCfg = Release|Any CPU
		{94831B60-3E4A-41E5-90E3-3DF33286AE43}.Release|x64.Build.0 = Release|Any CPU
		{94831B60-3E4A-41E5-90E3-3DF33286AE43}.Release|x86.ActiveCfg = Release|Any CPU
		{94831B60-3E4A-41E5-90E3-3DF33286AE43}.Release|x86.Build.0 = Release|Any CPU
		{D7DE9D0D-4392-4521-A137-3CD042617EAD}.Ad-Hoc|Any CPU.ActiveCfg = Ad-Hoc|iPhone
		{D7DE9D0D-4392-4521-A137-3CD042617EAD}.Ad-Hoc|ARM.ActiveCfg = Ad-Hoc|iPhone
		{D7DE9D0D-4392-4521-A137-3CD042617EAD}.Ad-Hoc|iPhone.ActiveCfg = Ad-Hoc|iPhone
		{D7DE9D0D-4392-4521-A137-3CD042617EAD}.Ad-Hoc|iPhone.Build.0 = Ad-Hoc|iPhone
		{D7DE9D0D-4392-4521-A137-3CD042617EAD}.Ad-Hoc|iPhoneSimulator.ActiveCfg = Ad-Hoc|iPhoneSimulator
		{D7DE9D0D-4392-4521-A137-3CD042617EAD}.Ad-Hoc|iPhoneSimulator.Build.0 = Ad-Hoc|iPhoneSimulator
		{D7DE9D0D-4392-4521-A137-3CD042617EAD}.Ad-Hoc|x64.ActiveCfg = Ad-Hoc|iPhone
		{D7DE9D0D-4392-4521-A137-3CD042617EAD}.Ad-Hoc|x86.ActiveCfg = Ad-Hoc|iPhone
		{D7DE9D0D-4392-4521-A137-3CD042617EAD}.AppStore|Any CPU.ActiveCfg = AppStore|iPhone
		{D7DE9D0D-4392-4521-A137-3CD042617EAD}.AppStore|ARM.ActiveCfg = AppStore|iPhone
		{D7DE9D0D-4392-4521-A137-3CD042617EAD}.AppStore|iPhone.ActiveCfg = AppStore|iPhone
		{D7DE9D0D-4392-4521-A137-3CD042617EAD}.AppStore|iPhone.Build.0 = AppStore|iPhone
		{D7DE9D0D-4392-4521-A137-3CD042617EAD}.AppStore|iPhoneSimulator.ActiveCfg = AppStore|iPhoneSimulator
		{D7DE9D0D-4392-4521-A137-3CD042617EAD}.AppStore|iPhoneSimulator.Build.0 = AppStore|iPhoneSimulator
		{D7DE9D0D-4392-4521-A137-3CD042617EAD}.AppStore|x64.ActiveCfg = AppStore|iPhone
		{D7DE9D0D-4392-4521-A137-3CD042617EAD}.AppStore|x86.ActiveCfg = AppStore|iPhone
		{D7DE9D0D-4392-4521-A137-3CD042617EAD}.Debug|Any CPU.ActiveCfg = Debug|iPhone
		{D7DE9D0D-4392-4521-A137-3CD042617EAD}.Debug|ARM.ActiveCfg = Debug|iPhone
		{D7DE9D0D-4392-4521-A137-3CD042617EAD}.Debug|iPhone.ActiveCfg = Debug|iPhone
		{D7DE9D0D-4392-4521-A137-3CD042617EAD}.Debug|iPhone.Build.0 = Debug|iPhone
		{D7DE9D0D-4392-4521-A137-3CD042617EAD}.Debug|iPhoneSimulator.ActiveCfg = Debug|iPhoneSimulator
		{D7DE9D0D-4392-4521-A137-3CD042617EAD}.Debug|iPhoneSimulator.Build.0 = Debug|iPhoneSimulator
		{D7DE9D0D-4392-4521-A137-3CD042617EAD}.Debug|x64.ActiveCfg = Debug|iPhone
		{D7DE9D0D-4392-4521-A137-3CD042617EAD}.Debug|x86.ActiveCfg = Debug|iPhone
		{D7DE9D0D-4392-4521-A137-3CD042617EAD}.Release|Any CPU.ActiveCfg = Release|iPhone
		{D7DE9D0D-4392-4521-A137-3CD042617EAD}.Release|ARM.ActiveCfg = Release|iPhone
		{D7DE9D0D-4392-4521-A137-3CD042617EAD}.Release|iPhone.ActiveCfg = Release|iPhone
		{D7DE9D0D-4392-4521-A137-3CD042617EAD}.Release|iPhone.Build.0 = Release|iPhone
		{D7DE9D0D-4392-4521-A137-3CD042617EAD}.Release|iPhoneSimulator.ActiveCfg = Release|iPhoneSimulator
		{D7DE9D0D-4392-4521-A137-3CD042617EAD}.Release|iPhoneSimulator.Build.0 = Release|iPhoneSimulator
		{D7DE9D0D-4392-4521-A137-3CD042617EAD}.Release|x64.ActiveCfg = Release|iPhone
		{D7DE9D0D-4392-4521-A137-3CD042617EAD}.Release|x86.ActiveCfg = Release|iPhone
		{4C8A8A13-BFBA-4D04-8597-DB66DF5FD4D9}.Ad-Hoc|Any CPU.ActiveCfg = Release|x86
		{4C8A8A13-BFBA-4D04-8597-DB66DF5FD4D9}.Ad-Hoc|Any CPU.Build.0 = Release|x86
		{4C8A8A13-BFBA-4D04-8597-DB66DF5FD4D9}.Ad-Hoc|Any CPU.Deploy.0 = Release|x86
		{4C8A8A13-BFBA-4D04-8597-DB66DF5FD4D9}.Ad-Hoc|ARM.ActiveCfg = Release|ARM
		{4C8A8A13-BFBA-4D04-8597-DB66DF5FD4D9}.Ad-Hoc|ARM.Build.0 = Release|ARM
		{4C8A8A13-BFBA-4D04-8597-DB66DF5FD4D9}.Ad-Hoc|ARM.Deploy.0 = Release|ARM
		{4C8A8A13-BFBA-4D04-8597-DB66DF5FD4D9}.Ad-Hoc|iPhone.ActiveCfg = Release|x86
		{4C8A8A13-BFBA-4D04-8597-DB66DF5FD4D9}.Ad-Hoc|iPhone.Build.0 = Release|x86
		{4C8A8A13-BFBA-4D04-8597-DB66DF5FD4D9}.Ad-Hoc|iPhone.Deploy.0 = Release|x86
		{4C8A8A13-BFBA-4D04-8597-DB66DF5FD4D9}.Ad-Hoc|iPhoneSimulator.ActiveCfg = Release|x86
		{4C8A8A13-BFBA-4D04-8597-DB66DF5FD4D9}.Ad-Hoc|iPhoneSimulator.Build.0 = Release|x86
		{4C8A8A13-BFBA-4D04-8597-DB66DF5FD4D9}.Ad-Hoc|iPhoneSimulator.Deploy.0 = Release|x86
		{4C8A8A13-BFBA-4D04-8597-DB66DF5FD4D9}.Ad-Hoc|x64.ActiveCfg = Release|x64
		{4C8A8A13-BFBA-4D04-8597-DB66DF5FD4D9}.Ad-Hoc|x64.Build.0 = Release|x64
		{4C8A8A13-BFBA-4D04-8597-DB66DF5FD4D9}.Ad-Hoc|x64.Deploy.0 = Release|x64
		{4C8A8A13-BFBA-4D04-8597-DB66DF5FD4D9}.Ad-Hoc|x86.ActiveCfg = Release|x86
		{4C8A8A13-BFBA-4D04-8597-DB66DF5FD4D9}.Ad-Hoc|x86.Build.0 = Release|x86
		{4C8A8A13-BFBA-4D04-8597-DB66DF5FD4D9}.Ad-Hoc|x86.Deploy.0 = Release|x86
		{4C8A8A13-BFBA-4D04-8597-DB66DF5FD4D9}.AppStore|Any CPU.ActiveCfg = Release|x86
		{4C8A8A13-BFBA-4D04-8597-DB66DF5FD4D9}.AppStore|Any CPU.Build.0 = Release|x86
		{4C8A8A13-BFBA-4D04-8597-DB66DF5FD4D9}.AppStore|Any CPU.Deploy.0 = Release|x86
		{4C8A8A13-BFBA-4D04-8597-DB66DF5FD4D9}.AppStore|ARM.ActiveCfg = Release|ARM
		{4C8A8A13-BFBA-4D04-8597-DB66DF5FD4D9}.AppStore|ARM.Build.0 = Release|ARM
		{4C8A8A13-BFBA-4D04-8597-DB66DF5FD4D9}.AppStore|ARM.Deploy.0 = Release|ARM
		{4C8A8A13-BFBA-4D04-8597-DB66DF5FD4D9}.AppStore|iPhone.ActiveCfg = Release|x86
		{4C8A8A13-BFBA-4D04-8597-DB66DF5FD4D9}.AppStore|iPhone.Build.0 = Release|x86
		{4C8A8A13-BFBA-4D04-8597-DB66DF5FD4D9}.AppStore|iPhone.Deploy.0 = Release|x86
		{4C8A8A13-BFBA-4D04-8597-DB66DF5FD4D9}.AppStore|iPhoneSimulator.ActiveCfg = Release|x86
		{4C8A8A13-BFBA-4D04-8597-DB66DF5FD4D9}.AppStore|iPhoneSimulator.Build.0 = Release|x86
		{4C8A8A13-BFBA-4D04-8597-DB66DF5FD4D9}.AppStore|iPhoneSimulator.Deploy.0 = Release|x86
		{4C8A8A13-BFBA-4D04-8597-DB66DF5FD4D9}.AppStore|x64.ActiveCfg = Release|x64
		{4C8A8A13-BFBA-4D04-8597-DB66DF5FD4D9}.AppStore|x64.Build.0 = Release|x64
		{4C8A8A13-BFBA-4D04-8597-DB66DF5FD4D9}.AppStore|x64.Deploy.0 = Release|x64
		{4C8A8A13-BFBA-4D04-8597-DB66DF5FD4D9}.AppStore|x86.ActiveCfg = Release|x86
		{4C8A8A13-BFBA-4D04-8597-DB66DF5FD4D9}.AppStore|x86.Build.0 = Release|x86
		{4C8A8A13-BFBA-4D04-8597-DB66DF5FD4D9}.AppStore|x86.Deploy.0 = Release|x86
		{4C8A8A13-BFBA-4D04-8597-DB66DF5FD4D9}.Debug|Any CPU.ActiveCfg = Debug|x86
		{4C8A8A13-BFBA-4D04-8597-DB66DF5FD4D9}.Debug|ARM.ActiveCfg = Debug|ARM
		{4C8A8A13-BFBA-4D04-8597-DB66DF5FD4D9}.Debug|ARM.Build.0 = Debug|ARM
		{4C8A8A13-BFBA-4D04-8597-DB66DF5FD4D9}.Debug|ARM.Deploy.0 = Debug|ARM
		{4C8A8A13-BFBA-4D04-8597-DB66DF5FD4D9}.Debug|iPhone.ActiveCfg = Debug|x86
		{4C8A8A13-BFBA-4D04-8597-DB66DF5FD4D9}.Debug|iPhoneSimulator.ActiveCfg = Debug|x86
		{4C8A8A13-BFBA-4D04-8597-DB66DF5FD4D9}.Debug|x64.ActiveCfg = Debug|x64
		{4C8A8A13-BFBA-4D04-8597-DB66DF5FD4D9}.Debug|x64.Build.0 = Debug|x64
		{4C8A8A13-BFBA-4D04-8597-DB66DF5FD4D9}.Debug|x64.Deploy.0 = Debug|x64
		{4C8A8A13-BFBA-4D04-8597-DB66DF5FD4D9}.Debug|x86.ActiveCfg = Debug|x86
		{4C8A8A13-BFBA-4D04-8597-DB66DF5FD4D9}.Debug|x86.Build.0 = Debug|x86
		{4C8A8A13-BFBA-4D04-8597-DB66DF5FD4D9}.Debug|x86.Deploy.0 = Debug|x86
		{4C8A8A13-BFBA-4D04-8597-DB66DF5FD4D9}.Release|Any CPU.ActiveCfg = Release|x86
		{4C8A8A13-BFBA-4D04-8597-DB66DF5FD4D9}.Release|ARM.ActiveCfg = Release|ARM
		{4C8A8A13-BFBA-4D04-8597-DB66DF5FD4D9}.Release|ARM.Build.0 = Release|ARM
		{4C8A8A13-BFBA-4D04-8597-DB66DF5FD4D9}.Release|ARM.Deploy.0 = Release|ARM
		{4C8A8A13-BFBA-4D04-8597-DB66DF5FD4D9}.Release|iPhone.ActiveCfg = Release|x86
		{4C8A8A13-BFBA-4D04-8597-DB66DF5FD4D9}.Release|iPhoneSimulator.ActiveCfg = Release|x86
		{4C8A8A13-BFBA-4D04-8597-DB66DF5FD4D9}.Release|x64.ActiveCfg = Release|x64
		{4C8A8A13-BFBA-4D04-8597-DB66DF5FD4D9}.Release|x64.Build.0 = Release|x64
		{4C8A8A13-BFBA-4D04-8597-DB66DF5FD4D9}.Release|x64.Deploy.0 = Release|x64
		{4C8A8A13-BFBA-4D04-8597-DB66DF5FD4D9}.Release|x86.ActiveCfg = Release|x86
		{4C8A8A13-BFBA-4D04-8597-DB66DF5FD4D9}.Release|x86.Build.0 = Release|x86
		{4C8A8A13-BFBA-4D04-8597-DB66DF5FD4D9}.Release|x86.Deploy.0 = Release|x86
		{8222ECCE-9A8F-4865-8522-145815172095}.Ad-Hoc|Any CPU.ActiveCfg = Release|Any CPU
		{8222ECCE-9A8F-4865-8522-145815172095}.Ad-Hoc|Any CPU.Build.0 = Release|Any CPU
		{8222ECCE-9A8F-4865-8522-145815172095}.Ad-Hoc|ARM.ActiveCfg = Release|Any CPU
		{8222ECCE-9A8F-4865-8522-145815172095}.Ad-Hoc|ARM.Build.0 = Release|Any CPU
		{8222ECCE-9A8F-4865-8522-145815172095}.Ad-Hoc|iPhone.ActiveCfg = Release|Any CPU
		{8222ECCE-9A8F-4865-8522-145815172095}.Ad-Hoc|iPhone.Build.0 = Release|Any CPU
		{8222ECCE-9A8F-4865-8522-145815172095}.Ad-Hoc|iPhoneSimulator.ActiveCfg = Release|Any CPU
		{8222ECCE-9A8F-4865-8522-145815172095}.Ad-Hoc|iPhoneSimulator.Build.0 = Release|Any CPU
		{8222ECCE-9A8F-4865-8522-145815172095}.Ad-Hoc|x64.ActiveCfg = Release|Any CPU
		{8222ECCE-9A8F-4865-8522-145815172095}.Ad-Hoc|x64.Build.0 = Release|Any CPU
		{8222ECCE-9A8F-4865-8522-145815172095}.Ad-Hoc|x86.ActiveCfg = Release|Any CPU
		{8222ECCE-9A8F-4865-8522-145815172095}.Ad-Hoc|x86.Build.0 = Release|Any CPU
		{8222ECCE-9A8F-4865-8522-145815172095}.AppStore|Any CPU.ActiveCfg = Release|Any CPU
		{8222ECCE-9A8F-4865-8522-145815172095}.AppStore|Any CPU.Build.0 = Release|Any CPU
		{8222ECCE-9A8F-4865-8522-145815172095}.AppStore|ARM.ActiveCfg = Release|Any CPU
		{8222ECCE-9A8F-4865-8522-145815172095}.AppStore|ARM.Build.0 = Release|Any CPU
		{8222ECCE-9A8F-4865-8522-145815172095}.AppStore|iPhone.ActiveCfg = Release|Any CPU
		{8222ECCE-9A8F-4865-8522-145815172095}.AppStore|iPhone.Build.0 = Release|Any CPU
		{8222ECCE-9A8F-4865-8522-145815172095}.AppStore|iPhoneSimulator.ActiveCfg = Release|Any CPU
		{8222ECCE-9A8F-4865-8522-145815172095}.AppStore|iPhoneSimulator.Build.0 = Release|Any CPU
		{8222ECCE-9A8F-4865-8522-145815172095}.AppStore|x64.ActiveCfg = Release|Any CPU
		{8222ECCE-9A8F-4865-8522-145815172095}.AppStore|x64.Build.0 = Release|Any CPU
		{8222ECCE-9A8F-4865-8522-145815172095}.AppStore|x86.ActiveCfg = Release|Any CPU
		{8222ECCE-9A8F-4865-8522-145815172095}.AppStore|x86.Build.0 = Release|Any CPU
		{8222ECCE-9A8F-4865-8522-145815172095}.Debug|Any CPU.ActiveCfg = Debug|Any CPU
		{8222ECCE-9A8F-4865-8522-145815172095}.Debug|Any CPU.Build.0 = Debug|Any CPU
		{8222ECCE-9A8F-4865-8522-145815172095}.Debug|ARM.ActiveCfg = Debug|Any CPU
		{8222ECCE-9A8F-4865-8522-145815172095}.Debug|ARM.Build.0 = Debug|Any CPU
		{8222ECCE-9A8F-4865-8522-145815172095}.Debug|iPhone.ActiveCfg = Debug|Any CPU
		{8222ECCE-9A8F-4865-8522-145815172095}.Debug|iPhone.Build.0 = Debug|Any CPU
		{8222ECCE-9A8F-4865-8522-145815172095}.Debug|iPhoneSimulator.ActiveCfg = Debug|Any CPU
		{8222ECCE-9A8F-4865-8522-145815172095}.Debug|iPhoneSimulator.Build.0 = Debug|Any CPU
		{8222ECCE-9A8F-4865-8522-145815172095}.Debug|x64.ActiveCfg = Debug|Any CPU
		{8222ECCE-9A8F-4865-8522-145815172095}.Debug|x64.Build.0 = Debug|Any CPU
		{8222ECCE-9A8F-4865-8522-145815172095}.Debug|x86.ActiveCfg = Debug|Any CPU
		{8222ECCE-9A8F-4865-8522-145815172095}.Debug|x86.Build.0 = Debug|Any CPU
		{8222ECCE-9A8F-4865-8522-145815172095}.Release|Any CPU.ActiveCfg = Release|Any CPU
		{8222ECCE-9A8F-4865-8522-145815172095}.Release|Any CPU.Build.0 = Release|Any CPU
		{8222ECCE-9A8F-4865-8522-145815172095}.Release|ARM.ActiveCfg = Release|Any CPU
		{8222ECCE-9A8F-4865-8522-145815172095}.Release|ARM.Build.0 = Release|Any CPU
		{8222ECCE-9A8F-4865-8522-145815172095}.Release|iPhone.ActiveCfg = Release|Any CPU
		{8222ECCE-9A8F-4865-8522-145815172095}.Release|iPhone.Build.0 = Release|Any CPU
		{8222ECCE-9A8F-4865-8522-145815172095}.Release|iPhoneSimulator.ActiveCfg = Release|Any CPU
		{8222ECCE-9A8F-4865-8522-145815172095}.Release|iPhoneSimulator.Build.0 = Release|Any CPU
		{8222ECCE-9A8F-4865-8522-145815172095}.Release|x64.ActiveCfg = Release|Any CPU
		{8222ECCE-9A8F-4865-8522-145815172095}.Release|x64.Build.0 = Release|Any CPU
		{8222ECCE-9A8F-4865-8522-145815172095}.Release|x86.ActiveCfg = Release|Any CPU
		{8222ECCE-9A8F-4865-8522-145815172095}.Release|x86.Build.0 = Release|Any CPU
		{12784D8A-8B08-4E08-8DC6-DD2A9675006B}.Ad-Hoc|Any CPU.ActiveCfg = Release|Any CPU
		{12784D8A-8B08-4E08-8DC6-DD2A9675006B}.Ad-Hoc|Any CPU.Build.0 = Release|Any CPU
		{12784D8A-8B08-4E08-8DC6-DD2A9675006B}.Ad-Hoc|ARM.ActiveCfg = Release|Any CPU
		{12784D8A-8B08-4E08-8DC6-DD2A9675006B}.Ad-Hoc|ARM.Build.0 = Release|Any CPU
		{12784D8A-8B08-4E08-8DC6-DD2A9675006B}.Ad-Hoc|iPhone.ActiveCfg = Release|Any CPU
		{12784D8A-8B08-4E08-8DC6-DD2A9675006B}.Ad-Hoc|iPhone.Build.0 = Release|Any CPU
		{12784D8A-8B08-4E08-8DC6-DD2A9675006B}.Ad-Hoc|iPhoneSimulator.ActiveCfg = Release|Any CPU
		{12784D8A-8B08-4E08-8DC6-DD2A9675006B}.Ad-Hoc|iPhoneSimulator.Build.0 = Release|Any CPU
		{12784D8A-8B08-4E08-8DC6-DD2A9675006B}.Ad-Hoc|x64.ActiveCfg = Release|Any CPU
		{12784D8A-8B08-4E08-8DC6-DD2A9675006B}.Ad-Hoc|x64.Build.0 = Release|Any CPU
		{12784D8A-8B08-4E08-8DC6-DD2A9675006B}.Ad-Hoc|x86.ActiveCfg = Release|Any CPU
		{12784D8A-8B08-4E08-8DC6-DD2A9675006B}.Ad-Hoc|x86.Build.0 = Release|Any CPU
		{12784D8A-8B08-4E08-8DC6-DD2A9675006B}.AppStore|Any CPU.ActiveCfg = Release|Any CPU
		{12784D8A-8B08-4E08-8DC6-DD2A9675006B}.AppStore|Any CPU.Build.0 = Release|Any CPU
		{12784D8A-8B08-4E08-8DC6-DD2A9675006B}.AppStore|ARM.ActiveCfg = Release|Any CPU
		{12784D8A-8B08-4E08-8DC6-DD2A9675006B}.AppStore|ARM.Build.0 = Release|Any CPU
		{12784D8A-8B08-4E08-8DC6-DD2A9675006B}.AppStore|iPhone.ActiveCfg = Release|Any CPU
		{12784D8A-8B08-4E08-8DC6-DD2A9675006B}.AppStore|iPhone.Build.0 = Release|Any CPU
		{12784D8A-8B08-4E08-8DC6-DD2A9675006B}.AppStore|iPhoneSimulator.ActiveCfg = Release|Any CPU
		{12784D8A-8B08-4E08-8DC6-DD2A9675006B}.AppStore|iPhoneSimulator.Build.0 = Release|Any CPU
		{12784D8A-8B08-4E08-8DC6-DD2A9675006B}.AppStore|x64.ActiveCfg = Release|Any CPU
		{12784D8A-8B08-4E08-8DC6-DD2A9675006B}.AppStore|x64.Build.0 = Release|Any CPU
		{12784D8A-8B08-4E08-8DC6-DD2A9675006B}.AppStore|x86.ActiveCfg = Release|Any CPU
		{12784D8A-8B08-4E08-8DC6-DD2A9675006B}.AppStore|x86.Build.0 = Release|Any CPU
		{12784D8A-8B08-4E08-8DC6-DD2A9675006B}.Debug|Any CPU.ActiveCfg = Debug|Any CPU
		{12784D8A-8B08-4E08-8DC6-DD2A9675006B}.Debug|Any CPU.Build.0 = Debug|Any CPU
		{12784D8A-8B08-4E08-8DC6-DD2A9675006B}.Debug|ARM.ActiveCfg = Debug|Any CPU
		{12784D8A-8B08-4E08-8DC6-DD2A9675006B}.Debug|ARM.Build.0 = Debug|Any CPU
		{12784D8A-8B08-4E08-8DC6-DD2A9675006B}.Debug|iPhone.ActiveCfg = Debug|Any CPU
		{12784D8A-8B08-4E08-8DC6-DD2A9675006B}.Debug|iPhone.Build.0 = Debug|Any CPU
		{12784D8A-8B08-4E08-8DC6-DD2A9675006B}.Debug|iPhoneSimulator.ActiveCfg = Debug|Any CPU
		{12784D8A-8B08-4E08-8DC6-DD2A9675006B}.Debug|iPhoneSimulator.Build.0 = Debug|Any CPU
		{12784D8A-8B08-4E08-8DC6-DD2A9675006B}.Debug|x64.ActiveCfg = Debug|Any CPU
		{12784D8A-8B08-4E08-8DC6-DD2A9675006B}.Debug|x64.Build.0 = Debug|Any CPU
		{12784D8A-8B08-4E08-8DC6-DD2A9675006B}.Debug|x86.ActiveCfg = Debug|Any CPU
		{12784D8A-8B08-4E08-8DC6-DD2A9675006B}.Debug|x86.Build.0 = Debug|Any CPU
		{12784D8A-8B08-4E08-8DC6-DD2A9675006B}.Release|Any CPU.ActiveCfg = Release|Any CPU
		{12784D8A-8B08-4E08-8DC6-DD2A9675006B}.Release|Any CPU.Build.0 = Release|Any CPU
		{12784D8A-8B08-4E08-8DC6-DD2A9675006B}.Release|ARM.ActiveCfg = Release|Any CPU
		{12784D8A-8B08-4E08-8DC6-DD2A9675006B}.Release|ARM.Build.0 = Release|Any CPU
		{12784D8A-8B08-4E08-8DC6-DD2A9675006B}.Release|iPhone.ActiveCfg = Release|Any CPU
		{12784D8A-8B08-4E08-8DC6-DD2A9675006B}.Release|iPhone.Build.0 = Release|Any CPU
		{12784D8A-8B08-4E08-8DC6-DD2A9675006B}.Release|iPhoneSimulator.ActiveCfg = Release|Any CPU
		{12784D8A-8B08-4E08-8DC6-DD2A9675006B}.Release|iPhoneSimulator.Build.0 = Release|Any CPU
		{12784D8A-8B08-4E08-8DC6-DD2A9675006B}.Release|x64.ActiveCfg = Release|Any CPU
		{12784D8A-8B08-4E08-8DC6-DD2A9675006B}.Release|x64.Build.0 = Release|Any CPU
		{12784D8A-8B08-4E08-8DC6-DD2A9675006B}.Release|x86.ActiveCfg = Release|Any CPU
		{12784D8A-8B08-4E08-8DC6-DD2A9675006B}.Release|x86.Build.0 = Release|Any CPU
		{B7AC009B-2F2C-4933-817A-8DA84DAE463A}.Ad-Hoc|Any CPU.ActiveCfg = Release|Any CPU
		{B7AC009B-2F2C-4933-817A-8DA84DAE463A}.Ad-Hoc|Any CPU.Build.0 = Release|Any CPU
		{B7AC009B-2F2C-4933-817A-8DA84DAE463A}.Ad-Hoc|ARM.ActiveCfg = Release|Any CPU
		{B7AC009B-2F2C-4933-817A-8DA84DAE463A}.Ad-Hoc|ARM.Build.0 = Release|Any CPU
		{B7AC009B-2F2C-4933-817A-8DA84DAE463A}.Ad-Hoc|iPhone.ActiveCfg = Release|Any CPU
		{B7AC009B-2F2C-4933-817A-8DA84DAE463A}.Ad-Hoc|iPhone.Build.0 = Release|Any CPU
		{B7AC009B-2F2C-4933-817A-8DA84DAE463A}.Ad-Hoc|iPhoneSimulator.ActiveCfg = Release|Any CPU
		{B7AC009B-2F2C-4933-817A-8DA84DAE463A}.Ad-Hoc|iPhoneSimulator.Build.0 = Release|Any CPU
		{B7AC009B-2F2C-4933-817A-8DA84DAE463A}.Ad-Hoc|x64.ActiveCfg = Release|Any CPU
		{B7AC009B-2F2C-4933-817A-8DA84DAE463A}.Ad-Hoc|x64.Build.0 = Release|Any CPU
		{B7AC009B-2F2C-4933-817A-8DA84DAE463A}.Ad-Hoc|x86.ActiveCfg = Release|Any CPU
		{B7AC009B-2F2C-4933-817A-8DA84DAE463A}.Ad-Hoc|x86.Build.0 = Release|Any CPU
		{B7AC009B-2F2C-4933-817A-8DA84DAE463A}.AppStore|Any CPU.ActiveCfg = Release|Any CPU
		{B7AC009B-2F2C-4933-817A-8DA84DAE463A}.AppStore|Any CPU.Build.0 = Release|Any CPU
		{B7AC009B-2F2C-4933-817A-8DA84DAE463A}.AppStore|ARM.ActiveCfg = Release|Any CPU
		{B7AC009B-2F2C-4933-817A-8DA84DAE463A}.AppStore|ARM.Build.0 = Release|Any CPU
		{B7AC009B-2F2C-4933-817A-8DA84DAE463A}.AppStore|iPhone.ActiveCfg = Release|Any CPU
		{B7AC009B-2F2C-4933-817A-8DA84DAE463A}.AppStore|iPhone.Build.0 = Release|Any CPU
		{B7AC009B-2F2C-4933-817A-8DA84DAE463A}.AppStore|iPhoneSimulator.ActiveCfg = Release|Any CPU
		{B7AC009B-2F2C-4933-817A-8DA84DAE463A}.AppStore|iPhoneSimulator.Build.0 = Release|Any CPU
		{B7AC009B-2F2C-4933-817A-8DA84DAE463A}.AppStore|x64.ActiveCfg = Release|Any CPU
		{B7AC009B-2F2C-4933-817A-8DA84DAE463A}.AppStore|x64.Build.0 = Release|Any CPU
		{B7AC009B-2F2C-4933-817A-8DA84DAE463A}.AppStore|x86.ActiveCfg = Release|Any CPU
		{B7AC009B-2F2C-4933-817A-8DA84DAE463A}.AppStore|x86.Build.0 = Release|Any CPU
		{B7AC009B-2F2C-4933-817A-8DA84DAE463A}.Debug|Any CPU.ActiveCfg = Debug|Any CPU
		{B7AC009B-2F2C-4933-817A-8DA84DAE463A}.Debug|Any CPU.Build.0 = Debug|Any CPU
		{B7AC009B-2F2C-4933-817A-8DA84DAE463A}.Debug|Any CPU.Deploy.0 = Debug|Any CPU
		{B7AC009B-2F2C-4933-817A-8DA84DAE463A}.Debug|ARM.ActiveCfg = Debug|Any CPU
		{B7AC009B-2F2C-4933-817A-8DA84DAE463A}.Debug|ARM.Build.0 = Debug|Any CPU
		{B7AC009B-2F2C-4933-817A-8DA84DAE463A}.Debug|iPhone.ActiveCfg = Debug|Any CPU
		{B7AC009B-2F2C-4933-817A-8DA84DAE463A}.Debug|iPhone.Build.0 = Debug|Any CPU
		{B7AC009B-2F2C-4933-817A-8DA84DAE463A}.Debug|iPhoneSimulator.ActiveCfg = Debug|Any CPU
		{B7AC009B-2F2C-4933-817A-8DA84DAE463A}.Debug|iPhoneSimulator.Build.0 = Debug|Any CPU
		{B7AC009B-2F2C-4933-817A-8DA84DAE463A}.Debug|x64.ActiveCfg = Debug|Any CPU
		{B7AC009B-2F2C-4933-817A-8DA84DAE463A}.Debug|x64.Build.0 = Debug|Any CPU
		{B7AC009B-2F2C-4933-817A-8DA84DAE463A}.Debug|x86.ActiveCfg = Debug|Any CPU
		{B7AC009B-2F2C-4933-817A-8DA84DAE463A}.Debug|x86.Build.0 = Debug|Any CPU
		{B7AC009B-2F2C-4933-817A-8DA84DAE463A}.Release|Any CPU.ActiveCfg = Release|Any CPU
		{B7AC009B-2F2C-4933-817A-8DA84DAE463A}.Release|Any CPU.Build.0 = Release|Any CPU
		{B7AC009B-2F2C-4933-817A-8DA84DAE463A}.Release|Any CPU.Deploy.0 = Release|Any CPU
		{B7AC009B-2F2C-4933-817A-8DA84DAE463A}.Release|ARM.ActiveCfg = Release|Any CPU
		{B7AC009B-2F2C-4933-817A-8DA84DAE463A}.Release|ARM.Build.0 = Release|Any CPU
		{B7AC009B-2F2C-4933-817A-8DA84DAE463A}.Release|iPhone.ActiveCfg = Release|Any CPU
		{B7AC009B-2F2C-4933-817A-8DA84DAE463A}.Release|iPhone.Build.0 = Release|Any CPU
		{B7AC009B-2F2C-4933-817A-8DA84DAE463A}.Release|iPhoneSimulator.ActiveCfg = Release|Any CPU
		{B7AC009B-2F2C-4933-817A-8DA84DAE463A}.Release|iPhoneSimulator.Build.0 = Release|Any CPU
		{B7AC009B-2F2C-4933-817A-8DA84DAE463A}.Release|x64.ActiveCfg = Release|Any CPU
		{B7AC009B-2F2C-4933-817A-8DA84DAE463A}.Release|x64.Build.0 = Release|Any CPU
		{B7AC009B-2F2C-4933-817A-8DA84DAE463A}.Release|x86.ActiveCfg = Release|Any CPU
		{B7AC009B-2F2C-4933-817A-8DA84DAE463A}.Release|x86.Build.0 = Release|Any CPU
		{4B11C606-428B-47EB-98FF-46FDB15394FD}.Ad-Hoc|Any CPU.ActiveCfg = Release|Any CPU
		{4B11C606-428B-47EB-98FF-46FDB15394FD}.Ad-Hoc|Any CPU.Build.0 = Release|Any CPU
		{4B11C606-428B-47EB-98FF-46FDB15394FD}.Ad-Hoc|ARM.ActiveCfg = Release|Any CPU
		{4B11C606-428B-47EB-98FF-46FDB15394FD}.Ad-Hoc|ARM.Build.0 = Release|Any CPU
		{4B11C606-428B-47EB-98FF-46FDB15394FD}.Ad-Hoc|iPhone.ActiveCfg = Release|Any CPU
		{4B11C606-428B-47EB-98FF-46FDB15394FD}.Ad-Hoc|iPhone.Build.0 = Release|Any CPU
		{4B11C606-428B-47EB-98FF-46FDB15394FD}.Ad-Hoc|iPhoneSimulator.ActiveCfg = Release|Any CPU
		{4B11C606-428B-47EB-98FF-46FDB15394FD}.Ad-Hoc|iPhoneSimulator.Build.0 = Release|Any CPU
		{4B11C606-428B-47EB-98FF-46FDB15394FD}.Ad-Hoc|x64.ActiveCfg = Release|Any CPU
		{4B11C606-428B-47EB-98FF-46FDB15394FD}.Ad-Hoc|x64.Build.0 = Release|Any CPU
		{4B11C606-428B-47EB-98FF-46FDB15394FD}.Ad-Hoc|x86.ActiveCfg = Release|Any CPU
		{4B11C606-428B-47EB-98FF-46FDB15394FD}.Ad-Hoc|x86.Build.0 = Release|Any CPU
		{4B11C606-428B-47EB-98FF-46FDB15394FD}.AppStore|Any CPU.ActiveCfg = Release|Any CPU
		{4B11C606-428B-47EB-98FF-46FDB15394FD}.AppStore|Any CPU.Build.0 = Release|Any CPU
		{4B11C606-428B-47EB-98FF-46FDB15394FD}.AppStore|ARM.ActiveCfg = Release|Any CPU
		{4B11C606-428B-47EB-98FF-46FDB15394FD}.AppStore|ARM.Build.0 = Release|Any CPU
		{4B11C606-428B-47EB-98FF-46FDB15394FD}.AppStore|iPhone.ActiveCfg = Release|Any CPU
		{4B11C606-428B-47EB-98FF-46FDB15394FD}.AppStore|iPhone.Build.0 = Release|Any CPU
		{4B11C606-428B-47EB-98FF-46FDB15394FD}.AppStore|iPhoneSimulator.ActiveCfg = Release|Any CPU
		{4B11C606-428B-47EB-98FF-46FDB15394FD}.AppStore|iPhoneSimulator.Build.0 = Release|Any CPU
		{4B11C606-428B-47EB-98FF-46FDB15394FD}.AppStore|x64.ActiveCfg = Release|Any CPU
		{4B11C606-428B-47EB-98FF-46FDB15394FD}.AppStore|x64.Build.0 = Release|Any CPU
		{4B11C606-428B-47EB-98FF-46FDB15394FD}.AppStore|x86.ActiveCfg = Release|Any CPU
		{4B11C606-428B-47EB-98FF-46FDB15394FD}.AppStore|x86.Build.0 = Release|Any CPU
		{4B11C606-428B-47EB-98FF-46FDB15394FD}.Debug|Any CPU.ActiveCfg = Debug|Any CPU
		{4B11C606-428B-47EB-98FF-46FDB15394FD}.Debug|Any CPU.Build.0 = Debug|Any CPU
		{4B11C606-428B-47EB-98FF-46FDB15394FD}.Debug|ARM.ActiveCfg = Debug|Any CPU
		{4B11C606-428B-47EB-98FF-46FDB15394FD}.Debug|ARM.Build.0 = Debug|Any CPU
		{4B11C606-428B-47EB-98FF-46FDB15394FD}.Debug|iPhone.ActiveCfg = Debug|Any CPU
		{4B11C606-428B-47EB-98FF-46FDB15394FD}.Debug|iPhone.Build.0 = Debug|Any CPU
		{4B11C606-428B-47EB-98FF-46FDB15394FD}.Debug|iPhoneSimulator.ActiveCfg = Debug|Any CPU
		{4B11C606-428B-47EB-98FF-46FDB15394FD}.Debug|iPhoneSimulator.Build.0 = Debug|Any CPU
		{4B11C606-428B-47EB-98FF-46FDB15394FD}.Debug|x64.ActiveCfg = Debug|Any CPU
		{4B11C606-428B-47EB-98FF-46FDB15394FD}.Debug|x64.Build.0 = Debug|Any CPU
		{4B11C606-428B-47EB-98FF-46FDB15394FD}.Debug|x86.ActiveCfg = Debug|Any CPU
		{4B11C606-428B-47EB-98FF-46FDB15394FD}.Debug|x86.Build.0 = Debug|Any CPU
		{4B11C606-428B-47EB-98FF-46FDB15394FD}.Release|Any CPU.ActiveCfg = Release|Any CPU
		{4B11C606-428B-47EB-98FF-46FDB15394FD}.Release|Any CPU.Build.0 = Release|Any CPU
		{4B11C606-428B-47EB-98FF-46FDB15394FD}.Release|ARM.ActiveCfg = Release|Any CPU
		{4B11C606-428B-47EB-98FF-46FDB15394FD}.Release|ARM.Build.0 = Release|Any CPU
		{4B11C606-428B-47EB-98FF-46FDB15394FD}.Release|iPhone.ActiveCfg = Release|Any CPU
		{4B11C606-428B-47EB-98FF-46FDB15394FD}.Release|iPhone.Build.0 = Release|Any CPU
		{4B11C606-428B-47EB-98FF-46FDB15394FD}.Release|iPhoneSimulator.ActiveCfg = Release|Any CPU
		{4B11C606-428B-47EB-98FF-46FDB15394FD}.Release|iPhoneSimulator.Build.0 = Release|Any CPU
		{4B11C606-428B-47EB-98FF-46FDB15394FD}.Release|x64.ActiveCfg = Release|Any CPU
		{4B11C606-428B-47EB-98FF-46FDB15394FD}.Release|x64.Build.0 = Release|Any CPU
		{4B11C606-428B-47EB-98FF-46FDB15394FD}.Release|x86.ActiveCfg = Release|Any CPU
		{4B11C606-428B-47EB-98FF-46FDB15394FD}.Release|x86.Build.0 = Release|Any CPU
		{0ABBE483-5D5B-4DE2-8ED2-F2CFE2BCD9C2}.Ad-Hoc|Any CPU.ActiveCfg = Release|x64
		{0ABBE483-5D5B-4DE2-8ED2-F2CFE2BCD9C2}.Ad-Hoc|Any CPU.Build.0 = Release|x64
		{0ABBE483-5D5B-4DE2-8ED2-F2CFE2BCD9C2}.Ad-Hoc|Any CPU.Deploy.0 = Release|x64
		{0ABBE483-5D5B-4DE2-8ED2-F2CFE2BCD9C2}.Ad-Hoc|ARM.ActiveCfg = Release|ARM
		{0ABBE483-5D5B-4DE2-8ED2-F2CFE2BCD9C2}.Ad-Hoc|ARM.Build.0 = Release|ARM
		{0ABBE483-5D5B-4DE2-8ED2-F2CFE2BCD9C2}.Ad-Hoc|ARM.Deploy.0 = Release|ARM
		{0ABBE483-5D5B-4DE2-8ED2-F2CFE2BCD9C2}.Ad-Hoc|ARM64.ActiveCfg = Release|ARM64
		{0ABBE483-5D5B-4DE2-8ED2-F2CFE2BCD9C2}.Ad-Hoc|ARM64.Build.0 = Release|ARM64
		{0ABBE483-5D5B-4DE2-8ED2-F2CFE2BCD9C2}.Ad-Hoc|ARM64.Deploy.0 = Release|ARM64
		{0ABBE483-5D5B-4DE2-8ED2-F2CFE2BCD9C2}.Ad-Hoc|iPhone.ActiveCfg = Release|x64
		{0ABBE483-5D5B-4DE2-8ED2-F2CFE2BCD9C2}.Ad-Hoc|iPhone.Build.0 = Release|x64
		{0ABBE483-5D5B-4DE2-8ED2-F2CFE2BCD9C2}.Ad-Hoc|iPhone.Deploy.0 = Release|x64
		{0ABBE483-5D5B-4DE2-8ED2-F2CFE2BCD9C2}.Ad-Hoc|iPhoneSimulator.ActiveCfg = Release|x64
		{0ABBE483-5D5B-4DE2-8ED2-F2CFE2BCD9C2}.Ad-Hoc|iPhoneSimulator.Build.0 = Release|x64
		{0ABBE483-5D5B-4DE2-8ED2-F2CFE2BCD9C2}.Ad-Hoc|iPhoneSimulator.Deploy.0 = Release|x64
		{0ABBE483-5D5B-4DE2-8ED2-F2CFE2BCD9C2}.Ad-Hoc|x64.ActiveCfg = Release|x64
		{0ABBE483-5D5B-4DE2-8ED2-F2CFE2BCD9C2}.Ad-Hoc|x64.Build.0 = Release|x64
		{0ABBE483-5D5B-4DE2-8ED2-F2CFE2BCD9C2}.Ad-Hoc|x64.Deploy.0 = Release|x64
		{0ABBE483-5D5B-4DE2-8ED2-F2CFE2BCD9C2}.Ad-Hoc|x86.ActiveCfg = Release|x86
		{0ABBE483-5D5B-4DE2-8ED2-F2CFE2BCD9C2}.Ad-Hoc|x86.Build.0 = Release|x86
		{0ABBE483-5D5B-4DE2-8ED2-F2CFE2BCD9C2}.Ad-Hoc|x86.Deploy.0 = Release|x86
		{0ABBE483-5D5B-4DE2-8ED2-F2CFE2BCD9C2}.AppStore|Any CPU.ActiveCfg = Release|x64
		{0ABBE483-5D5B-4DE2-8ED2-F2CFE2BCD9C2}.AppStore|Any CPU.Build.0 = Release|x64
		{0ABBE483-5D5B-4DE2-8ED2-F2CFE2BCD9C2}.AppStore|Any CPU.Deploy.0 = Release|x64
		{0ABBE483-5D5B-4DE2-8ED2-F2CFE2BCD9C2}.AppStore|ARM.ActiveCfg = Release|ARM
		{0ABBE483-5D5B-4DE2-8ED2-F2CFE2BCD9C2}.AppStore|ARM.Build.0 = Release|ARM
		{0ABBE483-5D5B-4DE2-8ED2-F2CFE2BCD9C2}.AppStore|ARM.Deploy.0 = Release|ARM
		{0ABBE483-5D5B-4DE2-8ED2-F2CFE2BCD9C2}.AppStore|ARM64.ActiveCfg = Release|ARM64
		{0ABBE483-5D5B-4DE2-8ED2-F2CFE2BCD9C2}.AppStore|ARM64.Build.0 = Release|ARM64
		{0ABBE483-5D5B-4DE2-8ED2-F2CFE2BCD9C2}.AppStore|ARM64.Deploy.0 = Release|ARM64
		{0ABBE483-5D5B-4DE2-8ED2-F2CFE2BCD9C2}.AppStore|iPhone.ActiveCfg = Release|x64
		{0ABBE483-5D5B-4DE2-8ED2-F2CFE2BCD9C2}.AppStore|iPhone.Build.0 = Release|x64
		{0ABBE483-5D5B-4DE2-8ED2-F2CFE2BCD9C2}.AppStore|iPhone.Deploy.0 = Release|x64
		{0ABBE483-5D5B-4DE2-8ED2-F2CFE2BCD9C2}.AppStore|iPhoneSimulator.ActiveCfg = Release|x64
		{0ABBE483-5D5B-4DE2-8ED2-F2CFE2BCD9C2}.AppStore|iPhoneSimulator.Build.0 = Release|x64
		{0ABBE483-5D5B-4DE2-8ED2-F2CFE2BCD9C2}.AppStore|iPhoneSimulator.Deploy.0 = Release|x64
		{0ABBE483-5D5B-4DE2-8ED2-F2CFE2BCD9C2}.AppStore|x64.ActiveCfg = Release|x64
		{0ABBE483-5D5B-4DE2-8ED2-F2CFE2BCD9C2}.AppStore|x64.Build.0 = Release|x64
		{0ABBE483-5D5B-4DE2-8ED2-F2CFE2BCD9C2}.AppStore|x64.Deploy.0 = Release|x64
		{0ABBE483-5D5B-4DE2-8ED2-F2CFE2BCD9C2}.AppStore|x86.ActiveCfg = Release|x86
		{0ABBE483-5D5B-4DE2-8ED2-F2CFE2BCD9C2}.AppStore|x86.Build.0 = Release|x86
		{0ABBE483-5D5B-4DE2-8ED2-F2CFE2BCD9C2}.AppStore|x86.Deploy.0 = Release|x86
		{0ABBE483-5D5B-4DE2-8ED2-F2CFE2BCD9C2}.Debug|Any CPU.ActiveCfg = Debug|x86
		{0ABBE483-5D5B-4DE2-8ED2-F2CFE2BCD9C2}.Debug|ARM.ActiveCfg = Debug|ARM
		{0ABBE483-5D5B-4DE2-8ED2-F2CFE2BCD9C2}.Debug|ARM.Build.0 = Debug|ARM
		{0ABBE483-5D5B-4DE2-8ED2-F2CFE2BCD9C2}.Debug|ARM.Deploy.0 = Debug|ARM
		{0ABBE483-5D5B-4DE2-8ED2-F2CFE2BCD9C2}.Debug|ARM64.ActiveCfg = Debug|ARM64
		{0ABBE483-5D5B-4DE2-8ED2-F2CFE2BCD9C2}.Debug|ARM64.Build.0 = Debug|ARM64
		{0ABBE483-5D5B-4DE2-8ED2-F2CFE2BCD9C2}.Debug|ARM64.Deploy.0 = Debug|ARM64
		{0ABBE483-5D5B-4DE2-8ED2-F2CFE2BCD9C2}.Debug|iPhone.ActiveCfg = Debug|x86
		{0ABBE483-5D5B-4DE2-8ED2-F2CFE2BCD9C2}.Debug|iPhoneSimulator.ActiveCfg = Debug|x86
		{0ABBE483-5D5B-4DE2-8ED2-F2CFE2BCD9C2}.Debug|x64.ActiveCfg = Debug|x64
		{0ABBE483-5D5B-4DE2-8ED2-F2CFE2BCD9C2}.Debug|x64.Build.0 = Debug|x64
		{0ABBE483-5D5B-4DE2-8ED2-F2CFE2BCD9C2}.Debug|x64.Deploy.0 = Debug|x64
		{0ABBE483-5D5B-4DE2-8ED2-F2CFE2BCD9C2}.Debug|x86.ActiveCfg = Debug|x86
		{0ABBE483-5D5B-4DE2-8ED2-F2CFE2BCD9C2}.Debug|x86.Build.0 = Debug|x86
		{0ABBE483-5D5B-4DE2-8ED2-F2CFE2BCD9C2}.Debug|x86.Deploy.0 = Debug|x86
		{0ABBE483-5D5B-4DE2-8ED2-F2CFE2BCD9C2}.Release|Any CPU.ActiveCfg = Release|x86
		{0ABBE483-5D5B-4DE2-8ED2-F2CFE2BCD9C2}.Release|ARM.ActiveCfg = Release|ARM
		{0ABBE483-5D5B-4DE2-8ED2-F2CFE2BCD9C2}.Release|ARM.Build.0 = Release|ARM
		{0ABBE483-5D5B-4DE2-8ED2-F2CFE2BCD9C2}.Release|ARM.Deploy.0 = Release|ARM
		{0ABBE483-5D5B-4DE2-8ED2-F2CFE2BCD9C2}.Release|ARM64.ActiveCfg = Release|ARM64
		{0ABBE483-5D5B-4DE2-8ED2-F2CFE2BCD9C2}.Release|ARM64.Build.0 = Release|ARM64
		{0ABBE483-5D5B-4DE2-8ED2-F2CFE2BCD9C2}.Release|ARM64.Deploy.0 = Release|ARM64
		{0ABBE483-5D5B-4DE2-8ED2-F2CFE2BCD9C2}.Release|iPhone.ActiveCfg = Release|x86
		{0ABBE483-5D5B-4DE2-8ED2-F2CFE2BCD9C2}.Release|iPhoneSimulator.ActiveCfg = Release|x86
		{0ABBE483-5D5B-4DE2-8ED2-F2CFE2BCD9C2}.Release|x64.ActiveCfg = Release|x64
		{0ABBE483-5D5B-4DE2-8ED2-F2CFE2BCD9C2}.Release|x64.Build.0 = Release|x64
		{0ABBE483-5D5B-4DE2-8ED2-F2CFE2BCD9C2}.Release|x64.Deploy.0 = Release|x64
		{0ABBE483-5D5B-4DE2-8ED2-F2CFE2BCD9C2}.Release|x86.ActiveCfg = Release|x86
		{0ABBE483-5D5B-4DE2-8ED2-F2CFE2BCD9C2}.Release|x86.Build.0 = Release|x86
		{0ABBE483-5D5B-4DE2-8ED2-F2CFE2BCD9C2}.Release|x86.Deploy.0 = Release|x86
	EndGlobalSection
	GlobalSection(SolutionProperties) = preSolution
		HideSolutionNode = FALSE
	EndGlobalSection
	GlobalSection(ExtensibilityGlobals) = postSolution
		SolutionGuid = {F6D05029-56B8-4E45-AF2D-0E76295DDBA2}
	EndGlobalSection
EndGlobal
